
Microsoft Visual Studio Solution File, Format Version 12.00
# Visual Studio Version 16
VisualStudioVersion = 16.0.30204.135
MinimumVisualStudioVersion = 10.0.40219.1
Project("{8BC9CEB8-8B4A-11D0-8D11-00A0C91BC942}") = "Game", "Game\Game.vcxproj", "{B68457E1-E8CD-4092-B621-EFA77B9FC2CD}"
EndProject
Project("{8BC9CEB8-8B4A-11D0-8D11-00A0C91BC942}") = "Engine", "Engine\Engine.vcxproj", "{790FEECF-3049-47A5-ADEB-36F969DA6DC4}"
EndProject
Global
	GlobalSection(SolutionConfigurationPlatforms) = preSolution
		Debug|x64 = Debug|x64
		Debug|x86 = Debug|x86
		Release|x64 = Release|x64
		Release|x86 = Release|x86
	EndGlobalSection
	GlobalSection(ProjectConfigurationPlatforms) = postSolution
		{B68457E1-E8CD-4092-B621-EFA77B9FC2CD}.Debug|x64.ActiveCfg = Debug|x64
		{B68457E1-E8CD-4092-B621-EFA77B9FC2CD}.Debug|x64.Build.0 = Debug|x64
		{B68457E1-E8CD-4092-B621-EFA77B9FC2CD}.Debug|x86.ActiveCfg = Debug|Win32
		{B68457E1-E8CD-4092-B621-EFA77B9FC2CD}.Debug|x86.Build.0 = Debug|Win32
		{B68457E1-E8CD-4092-B621-EFA77B9FC2CD}.Release|x64.ActiveCfg = Release|x64
		{B68457E1-E8CD-4092-B621-EFA77B9FC2CD}.Release|x64.Build.0 = Release|x64
		{B68457E1-E8CD-4092-B621-EFA77B9FC2CD}.Release|x86.ActiveCfg = Release|Win32
		{B68457E1-E8CD-4092-B621-EFA77B9FC2CD}.Release|x86.Build.0 = Release|Win32
		{790FEECF-3049-47A5-ADEB-36F969DA6DC4}.Debug|x64.ActiveCfg = Debug|x64
		{790FEECF-3049-47A5-ADEB-36F969DA6DC4}.Debug|x64.Build.0 = Debug|x64
		{790FEECF-3049-47A5-ADEB-36F969DA6DC4}.Debug|x86.ActiveCfg = Debug|Win32
		{790FEECF-3049-47A5-ADEB-36F969DA6DC4}.Debug|x86.Build.0 = Debug|Win32
		{790FEECF-3049-47A5-ADEB-36F969DA6DC4}.Release|x64.ActiveCfg = Release|x64
		{790FEECF-3049-47A5-ADEB-36F969DA6DC4}.Release|x64.Build.0 = Release|x64
		{790FEECF-3049-47A5-ADEB-36F969DA6DC4}.Release|x86.ActiveCfg = Release|Win32
		{790FEECF-3049-47A5-ADEB-36F969DA6DC4}.Release|x86.Build.0 = Release|Win32
	EndGlobalSection
	GlobalSection(SolutionProperties) = preSolution
		HideSolutionNode = FALSE
	EndGlobalSection
	GlobalSection(ExtensibilityGlobals) = postSolution
		SolutionGuid = {3277E424-1CB6-4334-9CE5-158331D73B5F}
	EndGlobalSection
EndGlobal
